# THIS IS AN AUTOGENERATED FILE. DO NOT EDIT THIS FILE DIRECTLY.
# yarn lockfile v1


"@hediet/typed-json-rpc-websocket@^0.2.0":
  version "0.2.0"
  resolved "https://registry.yarnpkg.com/@hediet/typed-json-rpc-websocket/-/typed-json-rpc-websocket-0.2.0.tgz#914fc92d0130fb94d850584d9359b8bb6718db89"
  integrity sha512-8x1p5LN0b38STeQ+yr+gdsx6OroysjwphwWM24xh5XvruWAvGnM7TRQC9nW57PAYpzlqM3MtT9hbjjWOUAcImA==
  dependencies:
    "@hediet/typed-json-rpc" "^0.2.0"
    isomorphic-ws "^4.0.1"

"@hediet/typed-json-rpc@^0.2.0", "@hediet/typed-json-rpc@^0.2.1":
  version "0.2.1"
  resolved "https://registry.yarnpkg.com/@hediet/typed-json-rpc/-/typed-json-rpc-0.2.1.tgz#adaeeadb911f2be086e84909a72244c21d75719b"
  integrity sha512-OvPR9d4FdHuGC1J8aFo0UaY1PtX873sxvrnUhajR8rwzWd7Rvk6aCKrNaY/5Lf926FnSaYybmjcbHWvYOq1FKQ==
  dependencies:
    io-ts "^1.7.0"

fp-ts@^1.0.0:
  version "1.14.3"
  resolved "https://registry.yarnpkg.com/fp-ts/-/fp-ts-1.14.3.tgz#48b3aeee6bdda3b24aa44f900ad039813d2c3f01"
  integrity sha512-tAnefu8QCuPaUaEywmhzpBWbRq2NRcailU5gtV2O09+xXVnJMBIyJi4qXy2fMlhMFsebDqUPpgoHpSErs94HTg==

io-ts@^1.7.0:
  version "1.8.2"
  resolved "https://registry.yarnpkg.com/io-ts/-/io-ts-1.8.2.tgz#4fe3878c147c9851604d36982ee6f64d3e6a4a1e"
  integrity sha512-BvP7iC4bgum5e3Fh82xCUrKWt739osKjmQBMORGij2AOMfTmevj8SEqBhN8EeI0GEwIMHb2bXe4fuikN0lsTWg==
  dependencies:
    fp-ts "^1.0.0"

isomorphic-ws@^4.0.1:
  version "4.0.1"
  resolved "https://registry.yarnpkg.com/isomorphic-ws/-/isomorphic-ws-4.0.1.tgz#55fd4cd6c5e6491e76dc125938dd863f5cd4f2dc"
  integrity sha512-BhBvN2MBpWTaSHdWRb/bwdZJ1WaehQ2L1KngkCkfLUGF0mAWAT1sQUQacEmQ0jXkFw/czDXPNQSL5u2/Krsz1w==
