# THIS IS AN AUTOGENERATED FILE. DO NOT EDIT THIS FILE DIRECTLY.
# yarn lockfile v1


"@hediet/utils@^0.1.2":
  version "0.1.2"
  resolved "https://registry.yarnpkg.com/@hediet/utils/-/utils-0.1.2.tgz#ddf8187759a48f358c92a295438321e3e1eb65a5"
  integrity sha512-PBiw+7oJkr+tRXl+4CdCyrF0+WarS3LYr1RUz6KNvp82bCkR1GiUp0KyCteKlPFpec+RmaK4AZVM0eQY4IU+vQ==

async-limiter@~1.0.0:
  version "1.0.0"
  resolved "https://registry.yarnpkg.com/async-limiter/-/async-limiter-1.0.0.tgz#78faed8c3d074ab81f22b4e985d79e8738f720f8"
  integrity sha512-jp/uFnooOiO+L211eZOoSyzpOITMXx1rBITauYykG3BRYPu8h0UcxsPNB04RR5vo4Tyz3+ay17tR6JVf9qzYWg==

ws@^6.2.0:
  version "6.2.0"
  resolved "https://registry.yarnpkg.com/ws/-/ws-6.2.0.tgz#13806d9913b2a5f3cbb9ba47b563c002cbc7c526"
  integrity sha512-deZYUNlt2O4buFCa3t5bKLf8A7FPP/TVjwOeVNpw818Ma5nk4MLXls2eoEGS39o8119QIYxTrTDoPQ5B/gTD6w==
  dependencies:
    async-limiter "~1.0.0"
